
Microsoft Visual Studio Solution File, Format Version 12.00
# Visual Studio Version 17
VisualStudioVersion = 17.11.35327.3
MinimumVisualStudioVersion = 10.0.40219.1
Project("{8BC9CEB8-8B4A-11D0-8D11-00A0C91BC942}") = "SipServer", "SipServer\SipServer.vcxproj", "{A925C827-1E69-45CE-9497-68BDB69B77CC}"
EndProject
Project("{8BC9CEB8-8B4A-11D0-8D11-00A0C91BC942}") = "SipClient", "SipClient\SipClient.vcxproj", "{28C241E9-61E8-4D5E-ADB1-48E22CBFA1D9}"
EndProject
Project("{8BC9CEB8-8B4A-11D0-8D11-00A0C91BC942}") = "eXosip", "..\..\github\osip2\exosip\platform\vsnet\eXosip.vcxproj", "{4EA67539-9EE9-4065-BD39-87E517FD8262}"
EndProject
Project("{8BC9CEB8-8B4A-11D0-8D11-00A0C91BC942}") = "osip2", "..\..\github\osip2\osip\platform\vsnet\osip2.vcxproj", "{85255507-5D16-4218-85E2-F683BB2F04DA}"
EndProject
Project("{8BC9CEB8-8B4A-11D0-8D11-00A0C91BC942}") = "osipparser2", "..\..\github\osip2\osip\platform\vsnet\osipparser2.vcxproj", "{44F46B7E-0E51-4304-9735-330DFBAB41E5}"
EndProject
Project("{8BC9CEB8-8B4A-11D0-8D11-00A0C91BC942}") = "gb28181_server", "gb28181_server\gb28181_server.vcxproj", "{FE279C0D-CF17-40DD-A0C6-CF86C8316162}"
EndProject
Project("{8BC9CEB8-8B4A-11D0-8D11-00A0C91BC942}") = "tools", "tools\tools.vcxproj", "{AEA8EEC8-49C5-4D5A-A0A9-EA79E8BA4DDD}"
EndProject
Project("{8BC9CEB8-8B4A-11D0-8D11-00A0C91BC942}") = "gb28181", "gb28181\gb28181.vcxproj", "{DD979A4C-5F97-4E81-87FE-9C652212D833}"
EndProject
Global
	GlobalSection(SolutionConfigurationPlatforms) = preSolution
		Debug|x64 = Debug|x64
		Debug|x86 = Debug|x86
		Release|x64 = Release|x64
		Release|x86 = Release|x86
	EndGlobalSection
	GlobalSection(ProjectConfigurationPlatforms) = postSolution
		{A925C827-1E69-45CE-9497-68BDB69B77CC}.Debug|x64.ActiveCfg = Debug|x64
		{A925C827-1E69-45CE-9497-68BDB69B77CC}.Debug|x64.Build.0 = Debug|x64
		{A925C827-1E69-45CE-9497-68BDB69B77CC}.Debug|x86.ActiveCfg = Debug|Win32
		{A925C827-1E69-45CE-9497-68BDB69B77CC}.Debug|x86.Build.0 = Debug|Win32
		{A925C827-1E69-45CE-9497-68BDB69B77CC}.Release|x64.ActiveCfg = Release|x64
		{A925C827-1E69-45CE-9497-68BDB69B77CC}.Release|x64.Build.0 = Release|x64
		{A925C827-1E69-45CE-9497-68BDB69B77CC}.Release|x86.ActiveCfg = Release|Win32
		{A925C827-1E69-45CE-9497-68BDB69B77CC}.Release|x86.Build.0 = Release|Win32
		{28C241E9-61E8-4D5E-ADB1-48E22CBFA1D9}.Debug|x64.ActiveCfg = Debug|x64
		{28C241E9-61E8-4D5E-ADB1-48E22CBFA1D9}.Debug|x64.Build.0 = Debug|x64
		{28C241E9-61E8-4D5E-ADB1-48E22CBFA1D9}.Debug|x86.ActiveCfg = Debug|Win32
		{28C241E9-61E8-4D5E-ADB1-48E22CBFA1D9}.Debug|x86.Build.0 = Debug|Win32
		{28C241E9-61E8-4D5E-ADB1-48E22CBFA1D9}.Release|x64.ActiveCfg = Release|x64
		{28C241E9-61E8-4D5E-ADB1-48E22CBFA1D9}.Release|x64.Build.0 = Release|x64
		{28C241E9-61E8-4D5E-ADB1-48E22CBFA1D9}.Release|x86.ActiveCfg = Release|Win32
		{28C241E9-61E8-4D5E-ADB1-48E22CBFA1D9}.Release|x86.Build.0 = Release|Win32
		{4EA67539-9EE9-4065-BD39-87E517FD8262}.Debug|x64.ActiveCfg = Debug|x64
		{4EA67539-9EE9-4065-BD39-87E517FD8262}.Debug|x64.Build.0 = Debug|x64
		{4EA67539-9EE9-4065-BD39-87E517FD8262}.Debug|x86.ActiveCfg = Debug|Win32
		{4EA67539-9EE9-4065-BD39-87E517FD8262}.Debug|x86.Build.0 = Debug|Win32
		{4EA67539-9EE9-4065-BD39-87E517FD8262}.Release|x64.ActiveCfg = Release|x64
		{4EA67539-9EE9-4065-BD39-87E517FD8262}.Release|x64.Build.0 = Release|x64
		{4EA67539-9EE9-4065-BD39-87E517FD8262}.Release|x86.ActiveCfg = Release|Win32
		{4EA67539-9EE9-4065-BD39-87E517FD8262}.Release|x86.Build.0 = Release|Win32
		{85255507-5D16-4218-85E2-F683BB2F04DA}.Debug|x64.ActiveCfg = Debug|x64
		{85255507-5D16-4218-85E2-F683BB2F04DA}.Debug|x64.Build.0 = Debug|x64
		{85255507-5D16-4218-85E2-F683BB2F04DA}.Debug|x86.ActiveCfg = Debug|Win32
		{85255507-5D16-4218-85E2-F683BB2F04DA}.Debug|x86.Build.0 = Debug|Win32
		{85255507-5D16-4218-85E2-F683BB2F04DA}.Release|x64.ActiveCfg = Release|x64
		{85255507-5D16-4218-85E2-F683BB2F04DA}.Release|x64.Build.0 = Release|x64
		{85255507-5D16-4218-85E2-F683BB2F04DA}.Release|x86.ActiveCfg = Release|Win32
		{85255507-5D16-4218-85E2-F683BB2F04DA}.Release|x86.Build.0 = Release|Win32
		{44F46B7E-0E51-4304-9735-330DFBAB41E5}.Debug|x64.ActiveCfg = Debug|x64
		{44F46B7E-0E51-4304-9735-330DFBAB41E5}.Debug|x64.Build.0 = Debug|x64
		{44F46B7E-0E51-4304-9735-330DFBAB41E5}.Debug|x86.ActiveCfg = Debug|Win32
		{44F46B7E-0E51-4304-9735-330DFBAB41E5}.Debug|x86.Build.0 = Debug|Win32
		{44F46B7E-0E51-4304-9735-330DFBAB41E5}.Release|x64.ActiveCfg = Release|x64
		{44F46B7E-0E51-4304-9735-330DFBAB41E5}.Release|x64.Build.0 = Release|x64
		{44F46B7E-0E51-4304-9735-330DFBAB41E5}.Release|x86.ActiveCfg = Release|Win32
		{44F46B7E-0E51-4304-9735-330DFBAB41E5}.Release|x86.Build.0 = Release|Win32
		{FE279C0D-CF17-40DD-A0C6-CF86C8316162}.Debug|x64.ActiveCfg = Debug|x64
		{FE279C0D-CF17-40DD-A0C6-CF86C8316162}.Debug|x64.Build.0 = Debug|x64
		{FE279C0D-CF17-40DD-A0C6-CF86C8316162}.Debug|x86.ActiveCfg = Debug|Win32
		{FE279C0D-CF17-40DD-A0C6-CF86C8316162}.Debug|x86.Build.0 = Debug|Win32
		{FE279C0D-CF17-40DD-A0C6-CF86C8316162}.Release|x64.ActiveCfg = Release|x64
		{FE279C0D-CF17-40DD-A0C6-CF86C8316162}.Release|x64.Build.0 = Release|x64
		{FE279C0D-CF17-40DD-A0C6-CF86C8316162}.Release|x86.ActiveCfg = Release|Win32
		{FE279C0D-CF17-40DD-A0C6-CF86C8316162}.Release|x86.Build.0 = Release|Win32
		{AEA8EEC8-49C5-4D5A-A0A9-EA79E8BA4DDD}.Debug|x64.ActiveCfg = Debug|x64
		{AEA8EEC8-49C5-4D5A-A0A9-EA79E8BA4DDD}.Debug|x64.Build.0 = Debug|x64
		{AEA8EEC8-49C5-4D5A-A0A9-EA79E8BA4DDD}.Debug|x86.ActiveCfg = Debug|Win32
		{AEA8EEC8-49C5-4D5A-A0A9-EA79E8BA4DDD}.Debug|x86.Build.0 = Debug|Win32
		{AEA8EEC8-49C5-4D5A-A0A9-EA79E8BA4DDD}.Release|x64.ActiveCfg = Release|x64
		{AEA8EEC8-49C5-4D5A-A0A9-EA79E8BA4DDD}.Release|x64.Build.0 = Release|x64
		{AEA8EEC8-49C5-4D5A-A0A9-EA79E8BA4DDD}.Release|x86.ActiveCfg = Release|Win32
		{AEA8EEC8-49C5-4D5A-A0A9-EA79E8BA4DDD}.Release|x86.Build.0 = Release|Win32
		{DD979A4C-5F97-4E81-87FE-9C652212D833}.Debug|x64.ActiveCfg = Debug|x64
		{DD979A4C-5F97-4E81-87FE-9C652212D833}.Debug|x64.Build.0 = Debug|x64
		{DD979A4C-5F97-4E81-87FE-9C652212D833}.Debug|x86.ActiveCfg = Debug|Win32
		{DD979A4C-5F97-4E81-87FE-9C652212D833}.Debug|x86.Build.0 = Debug|Win32
		{DD979A4C-5F97-4E81-87FE-9C652212D833}.Release|x64.ActiveCfg = Release|x64
		{DD979A4C-5F97-4E81-87FE-9C652212D833}.Release|x64.Build.0 = Release|x64
		{DD979A4C-5F97-4E81-87FE-9C652212D833}.Release|x86.ActiveCfg = Release|Win32
		{DD979A4C-5F97-4E81-87FE-9C652212D833}.Release|x86.Build.0 = Release|Win32
	EndGlobalSection
	GlobalSection(SolutionProperties) = preSolution
		HideSolutionNode = FALSE
	EndGlobalSection
	GlobalSection(ExtensibilityGlobals) = postSolution
		SolutionGuid = {EC8B3B32-51B2-4770-842E-8619B660F92C}
	EndGlobalSection
EndGlobal
